{
  "name": "server",
  "version": "1.0.0",
  "lockfileVersion": 3,
  "requires": true,
  "packages": {
    "": {
      "name": "server",
      "version": "1.0.0",
      "dependencies": {
        "@aws-sdk/client-s3": "^3.958.0",
        "@aws-sdk/lib-storage": "^3.958.0",
        "@nestjs/common": "^10.4.15",
        "@nestjs/core": "^10.4.15",
        "@nestjs/platform-express": "^10.4.15",
        "@nestjs/schedule": "^6.1.3",
        "@supabase/supabase-js": "2.95.3",
        "bcryptjs": "^3.0.3",
        "coze-coding-dev-sdk": "^0.7.24",
        "dotenv": "^17.2.3",
        "drizzle-kit": "^0.31.8",
        "drizzle-orm": "^0.45.1",
        "drizzle-zod": "^0.8.3",
        "express": "5.2.1",
        "iconv-lite": "^0.7.2",
        "jsonwebtoken": "^9.0.3",
        "pg": "^8.16.3",
        "pinyin-pro": "^3.28.1",
        "postgres": "^3.4.9",
        "rxjs": "^7.8.1",
        "zod": "^4.3.5"
      },
      "devDependencies": {
        "@nestjs/cli": "^10.4.9",
        "@nestjs/schematics": "^10.2.3",
        "@types/bcryptjs": "^3.0.0",
        "@types/express": "5.0.6",
        "@types/iconv-lite": "^0.0.1",
        "@types/jsonwebtoken": "^9.0.10",
        "@types/node": "^22.10.2",
        "drizzle-kit": "^0.31.8",
        "javascript-obfuscator": "^5.4.3",
        "typescript": "^5.7.2"
      }
    },
    "../node_modules/.pnpm/@aws-sdk+client-s3@3.972.0/node_modules/@aws-sdk/client-s3": {
      "version": "3.972.0",
      "license": "Apache-2.0",
      "dependencies": {
        "@aws-crypto/sha1-browser": "5.2.0",
        "@aws-crypto/sha256-browser": "5.2.0",
        "@aws-crypto/sha256-js": "5.2.0",
        "@aws-sdk/core": "3.972.0",
        "@aws-sdk/credential-provider-node": "3.972.0",
        "@aws-sdk/middleware-bucket-endpoint": "3.972.0",
        "@aws-sdk/middleware-expect-continue": "3.972.0",
        "@aws-sdk/middleware-flexible-checksums": "3.972.0",
        "@aws-sdk/middleware-host-header": "3.972.0",
        "@aws-sdk/middleware-location-constraint": "3.972.0",
        "@aws-sdk/middleware-logger": "3.972.0",
        "@aws-sdk/middleware-recursion-detection": "3.972.0",
        "@aws-sdk/middleware-sdk-s3": "3.972.0",
        "@aws-sdk/middleware-ssec": "3.972.0",
        "@aws-sdk/middleware-user-agent": "3.972.0",
        "@aws-sdk/region-config-resolver": "3.972.0",
        "@aws-sdk/signature-v4-multi-region": "3.972.0",
        "@aws-sdk/types": "3.972.0",
        "@aws-sdk/util-endpoints": "3.972.0",
        "@aws-sdk/util-user-agent-browser": "3.972.0",
        "@aws-sdk/util-user-agent-node": "3.972.0",
        "@smithy/config-resolver": "^4.4.6",
        "@smithy/core": "^3.20.6",
        "@smithy/eventstream-serde-browser": "^4.2.8",
        "@smithy/eventstream-serde-config-resolver": "^4.3.8",
        "@smithy/eventstream-serde-node": "^4.2.8",
        "@smithy/fetch-http-handler": "^5.3.9",
        "@smithy/hash-blob-browser": "^4.2.9",
        "@smithy/hash-node": "^4.2.8",
        "@smithy/hash-stream-node": "^4.2.8",
        "@smithy/invalid-dependency": "^4.2.8",
        "@smithy/md5-js": "^4.2.8",
        "@smithy/middleware-content-length": "^4.2.8",
        "@smithy/middleware-endpoint": "^4.4.7",
        "@smithy/middleware-retry": "^4.4.23",
        "@smithy/middleware-serde": "^4.2.9",
        "@smithy/middleware-stack": "^4.2.8",
        "@smithy/node-config-provider": "^4.3.8",
        "@smithy/node-http-handler": "^4.4.8",
        "@smithy/protocol-http": "^5.3.8",
        "@smithy/smithy-client": "^4.10.8",
        "@smithy/types": "^4.12.0",
        "@smithy/url-parser": "^4.2.8",
        "@smithy/util-base64": "^4.3.0",
        "@smithy/util-body-length-browser": "^4.2.0",
        "@smithy/util-body-length-node": "^4.2.1",
        "@smithy/util-defaults-mode-browser": "^4.3.22",
        "@smithy/util-defaults-mode-node": "^4.2.25",
        "@smithy/util-endpoints": "^3.2.8",
        "@smithy/util-middleware": "^4.2.8",
        "@smithy/util-retry": "^4.2.8",
        "@smithy/util-stream": "^4.5.10",
        "@smithy/util-utf8": "^4.2.0",
        "@smithy/util-waiter": "^4.2.8",
        "tslib": "^2.6.2"
      },
      "devDependencies": {
        "@aws-sdk/signature-v4-crt": "3.972.0",
        "@tsconfig/node20": "20.1.8",
        "@types/node": "^20.14.8",
        "concurrently": "7.0.0",
        "downlevel-dts": "0.10.1",
        "premove": "4.0.0",
        "typescript": "~5.8.3"
      },
      "engines": {
        "node": ">=20.0.0"
      }
    },
    "../node_modules/.pnpm/@aws-sdk+lib-storage@3.972.0_@aws-sdk+client-s3@3.972.0/node_modules/@aws-sdk/lib-storage": {
      "version": "3.972.0",
      "license": "Apache-2.0",
      "dependencies": {
        "@smithy/abort-controller": "^4.2.8",
        "@smithy/middleware-endpoint": "^4.4.7",
        "@smithy/smithy-client": "^4.10.8",
        "buffer": "5.6.0",
        "events": "3.3.0",
        "stream-browserify": "3.0.0",
        "tslib": "^2.6.2"
      },
      "devDependencies": {
        "@aws-sdk/client-s3": "3.972.0",
        "@smithy/types": "^4.12.0",
        "@tsconfig/recommended": "1.0.1",
        "@types/node": "^20.14.8",
        "concurrently": "7.0.0",
        "downlevel-dts": "0.10.1",
        "premove": "4.0.0",
        "typescript": "~5.8.3",
        "web-streams-polyfill": "3.2.1"
      },
      "engines": {
        "node": ">=20.0.0"
      },
      "peerDependencies": {
        "@aws-sdk/client-s3": "3.972.0"
      }
    },
    "../node_modules/.pnpm/@nestjs+cli@10.4.9_@swc+core@1.4.14_esbuild@0.25.12/node_modules/@nestjs/cli": {
      "version": "10.4.9",
      "dev": true,
      "license": "MIT",
      "dependencies": {
        "@angular-devkit/core": "17.3.11",
        "@angular-devkit/schematics": "17.3.11",
        "@angular-devkit/schematics-cli": "17.3.11",
        "@nestjs/schematics": "^10.0.1",
        "chalk": "4.1.2",
        "chokidar": "3.6.0",
        "cli-table3": "0.6.5",
        "commander": "4.1.1",
        "fork-ts-checker-webpack-plugin": "9.0.2",
        "glob": "10.4.5",
        "inquirer": "8.2.6",
        "node-emoji": "1.11.0",
        "ora": "5.4.1",
        "tree-kill": "1.2.2",
        "tsconfig-paths": "4.2.0",
        "tsconfig-paths-webpack-plugin": "4.2.0",
        "typescript": "5.7.2",
        "webpack": "5.97.1",
        "webpack-node-externals": "3.0.0"
      },
      "bin": {
        "nest": "bin/nest.js"
      },
      "devDependencies": {
        "@commitlint/cli": "19.6.0",
        "@commitlint/config-angular": "19.6.0",
        "@swc/cli": "0.5.2",
        "@swc/core": "1.10.1",
        "@types/inquirer": "9.0.7",
        "@types/jest": "29.5.14",
        "@types/node": "22.10.1",
        "@types/node-emoji": "1.8.2",
        "@types/webpack-node-externals": "3.0.4",
        "@typescript-eslint/eslint-plugin": "8.17.0",
        "@typescript-eslint/parser": "8.17.0",
        "delete-empty": "3.0.0",
        "eslint": "9.16.0",
        "eslint-config-prettier": "9.1.0",
        "gulp": "5.0.0",
        "gulp-clean": "0.4.0",
        "husky": "9.1.7",
        "jest": "29.7.0",
        "lint-staged": "15.2.10",
        "prettier": "3.4.2",
        "release-it": "17.10.0",
        "ts-jest": "29.2.5",
        "ts-loader": "9.5.1",
        "ts-node": "10.9.2"
      },
      "engines": {
        "node": ">= 16.14"
      },
      "peerDependencies": {
        "@swc/cli": "^0.1.62 || ^0.3.0 || ^0.4.0 || ^0.5.0",
        "@swc/core": "^1.3.62"
      },
      "peerDependenciesMeta": {
        "@swc/cli": {
          "optional": true
        },
        "@swc/core": {
          "optional": true
        }
      }
    },
    "../node_modules/.pnpm/@nestjs+common@10.4.20_class-validator@0.14.3_reflect-metadata@0.2.2_rxjs@7.8.2/node_modules/@nestjs/common": {
      "version": "10.4.20",
      "license": "MIT",
      "dependencies": {
        "file-type": "20.4.1",
        "iterare": "1.2.1",
        "tslib": "2.8.1",
        "uid": "2.0.2"
      },
      "funding": {
        "type": "opencollective",
        "url": "https://opencollective.com/nest"
      },
      "peerDependencies": {
        "class-transformer": "*",
        "class-validator": "*",
        "reflect-metadata": "^0.1.12 || ^0.2.0",
        "rxjs": "^7.1.0"
      },
      "peerDependenciesMeta": {
        "class-transformer": {
          "optional": true
        },
        "class-validator": {
          "optional": true
        }
      }
    },
    "../node_modules/.pnpm/@nestjs+core@10.4.20_@nestjs+common@10.4.20_class-validator@0.14.3_reflect-metadata@0.2.2_rxj_yt5enit2gmjhl6u3b4kpgtlige/node_modules/@nestjs/core": {
      "version": "10.4.20",
      "hasInstallScript": true,
      "license": "MIT",
      "dependencies": {
        "@nuxtjs/opencollective": "0.3.2",
        "fast-safe-stringify": "2.1.1",
        "iterare": "1.2.1",
        "path-to-regexp": "3.3.0",
        "tslib": "2.8.1",
        "uid": "2.0.2"
      },
      "devDependencies": {
        "@nestjs/common": "10.4.20"
      },
      "funding": {
        "type": "opencollective",
        "url": "https://opencollective.com/nest"
      },
      "peerDependencies": {
        "@nestjs/common": "^10.0.0",
        "@nestjs/microservices": "^10.0.0",
        "@nestjs/platform-express": "^10.0.0",
        "@nestjs/websockets": "^10.0.0",
        "reflect-metadata": "^0.1.12 || ^0.2.0",
        "rxjs": "^7.1.0"
      },
      "peerDependenciesMeta": {
        "@nestjs/microservices": {
          "optional": true
        },
        "@nestjs/platform-express": {
          "optional": true
        },
        "@nestjs/websockets": {
          "optional": true
        }
      }
    },
    "../node_modules/.pnpm/@nestjs+platform-express@10.4.20_@nestjs+common@10.4.20_class-validator@0.14.3_reflect-metada_yheaf2jqdvq2bdr476vlb4bk5y/node_modules/@nestjs/platform-express": {
      "version": "10.4.20",
      "license": "MIT",
      "dependencies": {
        "body-parser": "1.20.3",
        "cors": "2.8.5",
        "express": "4.21.2",
        "multer": "2.0.2",
        "tslib": "2.8.1"
      },
      "devDependencies": {
        "@nestjs/common": "10.4.20",
        "@nestjs/core": "10.4.20"
      },
      "funding": {
        "type": "opencollective",
        "url": "https://opencollective.com/nest"
      },
      "peerDependencies": {
        "@nestjs/common": "^10.0.0",
        "@nestjs/core": "^10.0.0"
      }
    },
    "../node_modules/.pnpm/@nestjs+schedule@6.1.3_@nestjs+common@10.4.20_class-validator@0.14.3_reflect-metadata@0.2.2_r_6mv63u6o2536dlstbg7f64iqme/node_modules/@nestjs/schedule": {
      "version": "6.1.3",
      "license": "MIT",
      "dependencies": {
        "cron": "4.4.0"
      },
      "devDependencies": {
        "@commitlint/cli": "20.5.0",
        "@commitlint/config-angular": "20.5.0",
        "@nestjs/common": "11.1.19",
        "@nestjs/core": "11.1.19",
        "@nestjs/platform-express": "11.1.19",
        "@nestjs/testing": "11.1.19",
        "@types/node": "24.12.2",
        "husky": "9.1.7",
        "lint-staged": "16.4.0",
        "oxlint": "1.60.0",
        "prettier": "3.8.3",
        "reflect-metadata": "0.2.2",
        "release-it": "19.2.4",
        "rimraf": "6.1.3",
        "rxjs": "7.8.2",
        "typescript": "6.0.2",
        "vite": "8.0.8",
        "vitest": "4.1.4"
      },
      "peerDependencies": {
        "@nestjs/common": "^10.0.0 || ^11.0.0",
        "@nestjs/core": "^10.0.0 || ^11.0.0"
      }
    },
    "../node_modules/.pnpm/@nestjs+schematics@10.2.3_chokidar@3.6.0_typescript@5.9.3/node_modules/@nestjs/schematics": {
      "version": "10.2.3",
      "dev": true,
      "license": "MIT",
      "dependencies": {
        "@angular-devkit/core": "17.3.11",
        "@angular-devkit/schematics": "17.3.11",
        "comment-json": "4.2.5",
        "jsonc-parser": "3.3.1",
        "pluralize": "8.0.0"
      },
      "devDependencies": {
        "@commitlint/cli": "19.5.0",
        "@commitlint/config-angular": "19.5.0",
        "@types/jest": "29.5.14",
        "@types/node": "20.17.1",
        "@typescript-eslint/eslint-plugin": "8.11.0",
        "@typescript-eslint/parser": "8.11.0",
        "cpx2": "8.0.0",
        "eslint": "9.13.0",
        "eslint-config-prettier": "9.1.0",
        "eslint-plugin-import": "2.31.0",
        "gulp": "5.0.0",
        "gulp-clean": "0.4.0",
        "husky": "9.1.6",
        "jest": "29.7.0",
        "nyc": "17.1.0",
        "release-it": "17.10.0",
        "ts-jest": "29.2.5",
        "ts-node": "10.9.2",
        "typescript": "5.6.3"
      },
      "peerDependencies": {
        "typescript": ">=4.8.2"
      }
    },
    "../node_modules/.pnpm/@supabase+supabase-js@2.95.3/node_modules/@supabase/supabase-js": {
      "version": "2.95.3",
      "license": "MIT",
      "dependencies": {
        "@supabase/auth-js": "2.95.3",
        "@supabase/functions-js": "2.95.3",
        "@supabase/postgrest-js": "2.95.3",
        "@supabase/realtime-js": "2.95.3",
        "@supabase/storage-js": "2.95.3"
      },
      "devDependencies": {
        "jsr": "^0.13.5",
        "puppeteer": "^24.9.0"
      },
      "engines": {
        "node": ">=20.0.0"
      }
    },
    "../node_modules/.pnpm/@types+bcryptjs@3.0.0/node_modules/@types/bcryptjs": {
      "version": "3.0.0",
      "deprecated": "This is a stub types definition. bcryptjs provides its own type definitions, so you do not need this installed.",
      "dev": true,
      "license": "MIT",
      "dependencies": {
        "bcryptjs": "*"
      }
    },
    "../node_modules/.pnpm/@types+express@5.0.6/node_modules/@types/express": {
      "version": "5.0.6",
      "dev": true,
      "license": "MIT",
      "dependencies": {
        "@types/body-parser": "*",
        "@types/express-serve-static-core": "^5.0.0",
        "@types/serve-static": "^2"
      }
    },
    "../node_modules/.pnpm/@types+iconv-lite@0.0.1/node_modules/@types/iconv-lite": {
      "version": "0.0.1",
      "dev": true,
      "license": "MIT",
      "dependencies": {
        "@types/node": "*"
      }
    },
    "../node_modules/.pnpm/@types+jsonwebtoken@9.0.10/node_modules/@types/jsonwebtoken": {
      "version": "9.0.10",
      "dev": true,
      "license": "MIT",
      "dependencies": {
        "@types/ms": "*",
        "@types/node": "*"
      }
    },
    "../node_modules/.pnpm/@types+node@22.19.6/node_modules/@types/node": {
      "version": "22.19.6",
      "dev": true,
      "license": "MIT",
      "dependencies": {
        "undici-types": "~6.21.0"
      }
    },
    "../node_modules/.pnpm/bcryptjs@3.0.3/node_modules/bcryptjs": {
      "version": "3.0.3",
      "license": "BSD-3-Clause",
      "bin": {
        "bcrypt": "bin/bcrypt"
      },
      "devDependencies": {
        "bcrypt": "^5.1.1",
        "esm2umd": "^0.3.1",
        "prettier": "^3.5.0",
        "typescript": "^5.7.3"
      }
    },
    "../node_modules/.pnpm/coze-coding-dev-sdk@0.7.24_openai@6.42.0_ws@8.19.0_zod@4.3.5__ws@8.19.0/node_modules/coze-coding-dev-sdk": {
      "version": "0.7.24",
      "license": "MIT",
      "dependencies": {
        "@langchain/core": "^1.1.8",
        "@langchain/openai": "^1.2.0",
        "@supabase/supabase-js": "2.95.3",
        "axios": "^1.13.2",
        "pg": "^8.16.3"
      },
      "bin": {
        "coze-coding-ai": "bin/coze-coding-ai.js"
      },
      "devDependencies": {
        "@aws-sdk/client-s3": "^3.958.0",
        "@aws-sdk/lib-storage": "^3.958.0",
        "@rslib/core": "^0.19.3",
        "@types/archiver": "^6.0.3",
        "@types/jest": "^29.5.14",
        "@types/node": "^20.19.27",
        "@types/pg": "^8.0.0",
        "@typescript-eslint/eslint-plugin": "^6.0.0",
        "@typescript-eslint/parser": "^6.0.0",
        "archiver": "^7.0.1",
        "chalk": "^5.6.2",
        "commander": "^14.0.2",
        "dotenv": "^17.2.3",
        "drizzle-kit": "^0.31.8",
        "drizzle-orm": "^0.45.1",
        "eslint": "^8.0.0",
        "jest": "^29.0.0",
        "ora": "^9.0.0",
        "prettier": "^3.0.0",
        "transliteration": "^2.6.0",
        "ts-jest": "^29.0.0",
        "ts-node": "^10.9.2",
        "typescript": "^5.0.0"
      },
      "engines": {
        "node": ">=18.0.0"
      }
    },
    "../node_modules/.pnpm/dotenv@17.2.3/node_modules/dotenv": {
      "version": "17.2.3",
      "license": "BSD-2-Clause",
      "devDependencies": {
        "@types/node": "^18.11.3",
        "decache": "^4.6.2",
        "sinon": "^14.0.1",
        "standard": "^17.0.0",
        "standard-version": "^9.5.0",
        "tap": "^19.2.0",
        "typescript": "^4.8.4"
      },
      "engines": {
        "node": ">=12"
      },
      "funding": {
        "url": "https://dotenvx.com"
      }
    },
    "../node_modules/.pnpm/drizzle-kit@0.31.8/node_modules/drizzle-kit": {
      "version": "0.31.8",
      "dev": true,
      "license": "MIT",
      "dependencies": {
        "@drizzle-team/brocli": "^0.10.2",
        "@esbuild-kit/esm-loader": "^2.5.5",
        "esbuild": "^0.25.4",
        "esbuild-register": "^3.5.0"
      },
      "bin": {
        "drizzle-kit": "bin.cjs"
      },
      "devDependencies": {
        "@arethetypeswrong/cli": "^0.15.3",
        "@aws-sdk/client-rds-data": "^3.556.0",
        "@cloudflare/workers-types": "^4.20230518.0",
        "@electric-sql/pglite": "^0.2.12",
        "@hono/node-server": "^1.9.0",
        "@hono/zod-validator": "^0.2.1",
        "@libsql/client": "^0.10.0",
        "@neondatabase/serverless": "^0.9.1",
        "@originjs/vite-plugin-commonjs": "^1.0.3",
        "@planetscale/database": "^1.16.0",
        "@types/better-sqlite3": "^7.6.13",
        "@types/dockerode": "^3.3.28",
        "@types/glob": "^8.1.0",
        "@types/json-diff": "^1.0.3",
        "@types/micromatch": "^4.0.9",
        "@types/minimatch": "^5.1.2",
        "@types/node": "^18.11.15",
        "@types/pg": "^8.10.7",
        "@types/pluralize": "^0.0.33",
        "@types/semver": "^7.5.5",
        "@types/uuid": "^9.0.8",
        "@types/ws": "^8.5.10",
        "@typescript-eslint/eslint-plugin": "^7.2.0",
        "@typescript-eslint/parser": "^7.2.0",
        "@vercel/postgres": "^0.8.0",
        "ava": "^5.1.0",
        "better-sqlite3": "^11.9.1",
        "bun-types": "^0.6.6",
        "camelcase": "^7.0.1",
        "chalk": "^5.2.0",
        "commander": "^12.1.0",
        "dockerode": "^4.0.6",
        "dotenv": "^16.0.3",
        "drizzle-kit": "0.25.0-b1faa33",
        "drizzle-orm": "workspace:./drizzle-orm/dist",
        "env-paths": "^3.0.0",
        "esbuild-node-externals": "^1.9.0",
        "eslint": "^8.57.0",
        "eslint-config-prettier": "^9.1.0",
        "eslint-plugin-prettier": "^5.1.3",
        "gel": "^2.0.0",
        "get-port": "^6.1.2",
        "glob": "^8.1.0",
        "hanji": "^0.0.5",
        "hono": "^4.7.9",
        "json-diff": "1.0.6",
        "micromatch": "^4.0.8",
        "minimatch": "^7.4.3",
        "mysql2": "3.14.1",
        "node-fetch": "^3.3.2",
        "ohm-js": "^17.1.0",
        "pg": "^8.11.5",
        "pluralize": "^8.0.0",
        "postgres": "^3.4.4",
        "prettier": "^3.5.3",
        "semver": "^7.7.2",
        "superjson": "^2.2.1",
        "tsup": "^8.3.5",
        "tsx": "^3.12.1",
        "typescript": "^5.6.3",
        "uuid": "^9.0.1",
        "vite-tsconfig-paths": "^4.3.2",
        "vitest": "^3.1.3",
        "ws": "^8.18.2",
        "zod": "^3.20.2",
        "zx": "^8.3.2"
      }
    },
    "../node_modules/.pnpm/drizzle-orm@0.45.1_@types+better-sqlite3@7.6.13_better-sqlite3@11.10.0_pg@8.17.2_postgres@3.4.9/node_modules/drizzle-orm": {
      "version": "0.45.1",
      "license": "Apache-2.0",
      "devDependencies": {
        "@aws-sdk/client-rds-data": "^3.549.0",
        "@cloudflare/workers-types": "^4.20241112.0",
        "@electric-sql/pglite": "^0.2.12",
        "@libsql/client": "^0.10.0",
        "@libsql/client-wasm": "^0.10.0",
        "@miniflare/d1": "^2.14.4",
        "@neondatabase/serverless": "^0.10.0",
        "@op-engineering/op-sqlite": "^2.0.16",
        "@opentelemetry/api": "^1.4.1",
        "@originjs/vite-plugin-commonjs": "^1.0.3",
        "@planetscale/database": "^1.16.0",
        "@prisma/client": "5.14.0",
        "@tidbcloud/serverless": "^0.1.1",
        "@types/better-sqlite3": "^7.6.12",
        "@types/node": "^20.2.5",
        "@types/pg": "^8.10.1",
        "@types/react": "^18.2.45",
        "@types/sql.js": "^1.4.4",
        "@upstash/redis": "^1.34.3",
        "@vercel/postgres": "^0.8.0",
        "@xata.io/client": "^0.29.3",
        "better-sqlite3": "^11.9.1",
        "bun-types": "^1.2.0",
        "cpy": "^10.1.0",
        "expo-sqlite": "^14.0.0",
        "gel": "^2.0.0",
        "glob": "^11.0.1",
        "knex": "^2.4.2",
        "kysely": "^0.25.0",
        "mysql2": "^3.14.1",
        "pg": "^8.11.0",
        "postgres": "^3.3.5",
        "prisma": "5.14.0",
        "react": "^18.2.0",
        "sql.js": "^1.8.0",
        "sqlite3": "^5.1.2",
        "ts-morph": "^25.0.1",
        "tslib": "^2.5.2",
        "tsx": "^3.12.7",
        "vite-tsconfig-paths": "^4.3.2",
        "vitest": "^3.1.3",
        "zod": "^3.20.2",
        "zx": "^7.2.2"
      },
      "peerDependencies": {
        "@aws-sdk/client-rds-data": ">=3",
        "@cloudflare/workers-types": ">=4",
        "@electric-sql/pglite": ">=0.2.0",
        "@libsql/client": ">=0.10.0",
        "@libsql/client-wasm": ">=0.10.0",
        "@neondatabase/serverless": ">=0.10.0",
        "@op-engineering/op-sqlite": ">=2",
        "@opentelemetry/api": "^1.4.1",
        "@planetscale/database": ">=1.13",
        "@prisma/client": "*",
        "@tidbcloud/serverless": "*",
        "@types/better-sqlite3": "*",
        "@types/pg": "*",
        "@types/sql.js": "*",
        "@upstash/redis": ">=1.34.7",
        "@vercel/postgres": ">=0.8.0",
        "@xata.io/client": "*",
        "better-sqlite3": ">=7",
        "bun-types": "*",
        "expo-sqlite": ">=14.0.0",
        "gel": ">=2",
        "knex": "*",
        "kysely": "*",
        "mysql2": ">=2",
        "pg": ">=8",
        "postgres": ">=3",
        "sql.js": ">=1",
        "sqlite3": ">=5"
      },
      "peerDependenciesMeta": {
        "@aws-sdk/client-rds-data": {
          "optional": true
        },
        "@cloudflare/workers-types": {
          "optional": true
        },
        "@electric-sql/pglite": {
          "optional": true
        },
        "@libsql/client": {
          "optional": true
        },
        "@libsql/client-wasm": {
          "optional": true
        },
        "@neondatabase/serverless": {
          "optional": true
        },
        "@op-engineering/op-sqlite": {
          "optional": true
        },
        "@opentelemetry/api": {
          "optional": true
        },
        "@planetscale/database": {
          "optional": true
        },
        "@prisma/client": {
          "optional": true
        },
        "@tidbcloud/serverless": {
          "optional": true
        },
        "@types/better-sqlite3": {
          "optional": true
        },
        "@types/pg": {
          "optional": true
        },
        "@types/sql.js": {
          "optional": true
        },
        "@upstash/redis": {
          "optional": true
        },
        "@vercel/postgres": {
          "optional": true
        },
        "@xata.io/client": {
          "optional": true
        },
        "better-sqlite3": {
          "optional": true
        },
        "bun-types": {
          "optional": true
        },
        "expo-sqlite": {
          "optional": true
        },
        "gel": {
          "optional": true
        },
        "knex": {
          "optional": true
        },
        "kysely": {
          "optional": true
        },
        "mysql2": {
          "optional": true
        },
        "pg": {
          "optional": true
        },
        "postgres": {
          "optional": true
        },
        "prisma": {
          "optional": true
        },
        "sql.js": {
          "optional": true
        },
        "sqlite3": {
          "optional": true
        }
      }
    },
    "../node_modules/.pnpm/drizzle-zod@0.8.3_drizzle-orm@0.45.1_@types+better-sqlite3@7.6.13_better-sqlite3@11.10.0_pg@8_ccac33cti2l4ieqe62jwmjb7ay/node_modules/drizzle-zod": {
      "version": "0.8.3",
      "license": "Apache-2.0",
      "devDependencies": {
        "@rollup/plugin-typescript": "^11.1.0",
        "@types/node": "^18.15.10",
        "cpy": "^10.1.0",
        "drizzle-orm": "link:../drizzle-orm/dist",
        "json-rules-engine": "^7.3.1",
        "rimraf": "^5.0.0",
        "rollup": "^3.29.5",
        "vite-tsconfig-paths": "^4.3.2",
        "vitest": "^3.1.3",
        "zod": "3.25.1",
        "zx": "^7.2.2"
      },
      "peerDependencies": {
        "drizzle-orm": ">=0.36.0",
        "zod": "^3.25.0 || ^4.0.0"
      }
    },
    "../node_modules/.pnpm/express@5.2.1/node_modules/express": {
      "version": "5.2.1",
      "license": "MIT",
      "dependencies": {
        "accepts": "^2.0.0",
        "body-parser": "^2.2.1",
        "content-disposition": "^1.0.0",
        "content-type": "^1.0.5",
        "cookie": "^0.7.1",
        "cookie-signature": "^1.2.1",
        "debug": "^4.4.0",
        "depd": "^2.0.0",
        "encodeurl": "^2.0.0",
        "escape-html": "^1.0.3",
        "etag": "^1.8.1",
        "finalhandler": "^2.1.0",
        "fresh": "^2.0.0",
        "http-errors": "^2.0.0",
        "merge-descriptors": "^2.0.0",
        "mime-types": "^3.0.0",
        "on-finished": "^2.4.1",
        "once": "^1.4.0",
        "parseurl": "^1.3.3",
        "proxy-addr": "^2.0.7",
        "qs": "^6.14.0",
        "range-parser": "^1.2.1",
        "router": "^2.2.0",
        "send": "^1.1.0",
        "serve-static": "^2.2.0",
        "statuses": "^2.0.1",
        "type-is": "^2.0.1",
        "vary": "^1.1.2"
      },
      "devDependencies": {
        "after": "0.8.2",
        "connect-redis": "^8.0.1",
        "cookie-parser": "1.4.7",
        "cookie-session": "2.1.1",
        "ejs": "^3.1.10",
        "eslint": "8.47.0",
        "express-session": "^1.18.1",
        "hbs": "4.2.0",
        "marked": "^15.0.3",
        "method-override": "3.0.0",
        "mocha": "^10.7.3",
        "morgan": "1.10.1",
        "nyc": "^17.1.0",
        "pbkdf2-password": "1.2.1",
        "supertest": "^6.3.0",
        "vhost": "~3.0.2"
      },
      "engines": {
        "node": ">= 18"
      },
      "funding": {
        "type": "opencollective",
        "url": "https://opencollective.com/express"
      }
    },
    "../node_modules/.pnpm/iconv-lite@0.7.2/node_modules/iconv-lite": {
      "version": "0.7.2",
      "license": "MIT",
      "dependencies": {
        "safer-buffer": ">= 2.1.2 < 3.0.0"
      },
      "devDependencies": {
        "@arethetypeswrong/cli": "^0.17.4",
        "@stylistic/eslint-plugin": "^5.1.0",
        "@stylistic/eslint-plugin-js": "^4.1.0",
        "@types/node": "^24.0.12",
        "async": "^3.2.0",
        "bench-node": "^0.10.0",
        "errto": "^0.2.1",
        "eslint": "^9.0.0",
        "expect-type": "^1.2.0",
        "iconv": "^2.3.5",
        "mocha": "^6.2.2",
        "neostandard": "^0.12.0",
        "nyc": "^14.1.1",
        "request": "^2.88.2",
        "semver": "^6.3.0",
        "typescript": "~5.9.2",
        "unorm": "^1.6.0"
      },
      "engines": {
        "node": ">=0.10.0"
      },
      "funding": {
        "type": "opencollective",
        "url": "https://opencollective.com/express"
      }
    },
    "../node_modules/.pnpm/javascript-obfuscator@5.4.3/node_modules/javascript-obfuscator": {
      "version": "5.4.3",
      "dev": true,
      "license": "BSD-2-Clause",
      "dependencies": {
        "@javascript-obfuscator/escodegen": "2.4.1",
        "@javascript-obfuscator/estraverse": "5.4.0",
        "@vercel/blob": ">=0.23.0",
        "acorn": "8.15.0",
        "acorn-import-attributes": "^1.9.5",
        "assert": "2.1.0",
        "chalk": "4.1.2",
        "chance": "1.1.13",
        "class-validator": "0.14.3",
        "commander": "12.1.0",
        "env-paths": "4.0.0",
        "eslint-scope": "8.4.0",
        "eslint-visitor-keys": "4.2.1",
        "fast-deep-equal": "3.1.3",
        "inversify": "7.11.0",
        "js-string-escape": "1.0.1",
        "md5": "2.3.0",
        "multimatch": "5.0.0",
        "process": "0.11.10",
        "reflect-metadata": "0.2.2",
        "string-template": "1.0.0",
        "stringz": "2.1.0",
        "tslib": "2.8.1"
      },
      "bin": {
        "javascript-obfuscator": "bin/javascript-obfuscator"
      },
      "devDependencies": {
        "@istanbuljs/nyc-config-typescript": "1.0.2",
        "@types/chai": "4.3.20",
        "@types/chance": "1.1.7",
        "@types/escodegen": "0.0.10",
        "@types/eslint-scope": "3.7.7",
        "@types/eslint-visitor-keys": "1.0.0",
        "@types/estraverse": "5.1.7",
        "@types/estree": "0.0.51",
        "@types/js-beautify": "1.14.3",
        "@types/js-string-escape": "1.0.3",
        "@types/md5": "2.3.6",
        "@types/mocha": "10.0.10",
        "@types/multimatch": "4.0.0",
        "@types/node": "22.10.2",
        "@types/rimraf": "3.0.2",
        "@types/sinon": "17.0.4",
        "@types/string-template": "1.0.7",
        "@types/webpack-env": "1.18.8",
        "@typescript-eslint/eslint-plugin": "7.18.0",
        "@typescript-eslint/parser": "7.18.0",
        "chai": "4.5.0",
        "chai-exclude": "3.0.1",
        "cross-env": "10.1.0",
        "eslint": "8.57.1",
        "eslint-config-prettier": "10.1.8",
        "eslint-plugin-import": "2.32.0",
        "eslint-plugin-jsdoc": "50.6.3",
        "eslint-plugin-no-null": "1.0.2",
        "eslint-plugin-prefer-arrow": "1.2.3",
        "eslint-plugin-prettier": "5.5.4",
        "eslint-plugin-unicorn": "56.0.1",
        "eslint-webpack-plugin": "4.2.0",
        "fork-ts-checker-notifier-webpack-plugin": "9.0.0",
        "fork-ts-checker-webpack-plugin": "9.1.0",
        "husky": "9.1.7",
        "js-beautify": "1.15.4",
        "mocha": "11.7.4",
        "nyc": "17.1.0",
        "parse5": "^8.0.0",
        "pjson": "1.0.9",
        "prettier": "3.6.2",
        "rimraf": "6.0.1",
        "sinon": "19.0.2",
        "source-map-resolve": "0.6.0",
        "source-map-support": "0.5.21",
        "terser": "5.44.0",
        "threads": "1.7.0",
        "ts-loader": "9.5.4",
        "ts-node": "10.9.2",
        "typescript": "5.9.3",
        "webpack": "5.102.1",
        "webpack-cli": "6.0.1",
        "webpack-node-externals": "3.0.0"
      },
      "engines": {
        "node": ">=18.0.0"
      }
    },
    "../node_modules/.pnpm/jsonwebtoken@9.0.3/node_modules/jsonwebtoken": {
      "version": "9.0.3",
      "license": "MIT",
      "dependencies": {
        "jws": "^4.0.1",
        "lodash.includes": "^4.3.0",
        "lodash.isboolean": "^3.0.3",
        "lodash.isinteger": "^4.0.4",
        "lodash.isnumber": "^3.0.3",
        "lodash.isplainobject": "^4.0.6",
        "lodash.isstring": "^4.0.1",
        "lodash.once": "^4.0.0",
        "ms": "^2.1.1",
        "semver": "^7.5.4"
      },
      "devDependencies": {
        "atob": "^2.1.2",
        "chai": "^4.1.2",
        "conventional-changelog": "~1.1.0",
        "eslint": "^4.19.1",
        "mocha": "^5.2.0",
        "nsp": "^2.6.2",
        "nyc": "^11.9.0",
        "sinon": "^6.0.0"
      },
      "engines": {
        "node": ">=12",
        "npm": ">=6"
      }
    },
    "../node_modules/.pnpm/pg@8.17.2/node_modules/pg": {
      "version": "8.17.2",
      "license": "MIT",
      "dependencies": {
        "pg-connection-string": "^2.10.1",
        "pg-pool": "^3.11.0",
        "pg-protocol": "^1.11.0",
        "pg-types": "2.2.0",
        "pgpass": "1.0.5"
      },
      "devDependencies": {
        "@cloudflare/vitest-pool-workers": "0.8.23",
        "@cloudflare/workers-types": "^4.20230404.0",
        "async": "2.6.4",
        "bluebird": "3.7.2",
        "co": "4.6.0",
        "pg-copy-streams": "0.3.0",
        "typescript": "^4.0.3",
        "vitest": "~3.0.9",
        "wrangler": "^3.x"
      },
      "engines": {
        "node": ">= 16.0.0"
      },
      "optionalDependencies": {
        "pg-cloudflare": "^1.3.0"
      },
      "peerDependencies": {
        "pg-native": ">=3.0.1"
      },
      "peerDependenciesMeta": {
        "pg-native": {
          "optional": true
        }
      }
    },
    "../node_modules/.pnpm/pinyin-pro@3.28.1/node_modules/pinyin-pro": {
      "version": "3.28.1",
      "license": "MIT",
      "devDependencies": {
        "@commitlint/cli": "^11.0.0",
        "@commitlint/config-conventional": "^11.0.0",
        "@pinyin-pro/data": "1.3.0",
        "@rollup/plugin-commonjs": "^17.1.0",
        "@rollup/plugin-json": "^4.1.0",
        "@rollup/plugin-node-resolve": "^11.2.0",
        "@types/jest": "^26.0.20",
        "@typescript-eslint/eslint-plugin": "^4.26.0",
        "@typescript-eslint/parser": "^4.26.0",
        "@vitest/coverage-v8": "^1.5.0",
        "babel-eslint": "^10.1.0",
        "commitizen": "^4.2.2",
        "eslint": "^7.22.0",
        "rollup": "2.60.0",
        "rollup-plugin-alias": "^2.2.0",
        "rollup-plugin-cleanup": "^3.2.1",
        "rollup-plugin-terser": "^7.0.2",
        "rollup-plugin-typescript2": "^0.34.1",
        "typescript": "^4.2.3",
        "vitest": "^1.5.0"
      }
    },
    "../node_modules/.pnpm/postgres@3.4.9/node_modules/postgres": {
      "version": "3.4.9",
      "license": "Unlicense",
      "engines": {
        "node": ">=12"
      },
      "funding": {
        "type": "individual",
        "url": "https://github.com/sponsors/porsager"
      }
    },
    "../node_modules/.pnpm/rxjs@7.8.2/node_modules/rxjs": {
      "version": "7.8.2",
      "license": "Apache-2.0",
      "dependencies": {
        "tslib": "^2.1.0"
      },
      "devDependencies": {
        "@angular-devkit/build-optimizer": "0.4.6",
        "@angular-devkit/schematics": "^11.0.7",
        "@swc/core": "^1.2.128",
        "@swc/helpers": "^0.3.2",
        "@types/chai": "^4.2.11",
        "@types/lodash": "4.14.102",
        "@types/mocha": "^7.0.2",
        "@types/node": "^14.14.6",
        "@types/shelljs": "^0.8.8",
        "@types/sinon": "4.1.3",
        "@types/sinon-chai": "2.7.29",
        "@types/source-map": "^0.5.2",
        "@typescript-eslint/eslint-plugin": "^4.29.1",
        "@typescript-eslint/parser": "^4.29.1",
        "babel-polyfill": "6.26.0",
        "chai": "^4.2.0",
        "check-side-effects": "0.0.23",
        "color": "3.0.0",
        "colors": "1.1.2",
        "cross-env": "5.1.3",
        "cz-conventional-changelog": "1.2.0",
        "dependency-cruiser": "^9.12.0",
        "escape-string-regexp": "1.0.5",
        "eslint": "^7.8.1",
        "eslint-plugin-jasmine": "^2.10.1",
        "form-data": "^3.0.0",
        "fs-extra": "^8.1.0",
        "glob": "7.1.2",
        "google-closure-compiler-js": "20170218.0.0",
        "husky": "^4.2.5",
        "klaw-sync": "3.0.2",
        "lint-staged": "^10.2.11",
        "lodash": "^4.17.15",
        "minimist": "^1.2.5",
        "mocha": "^8.1.3",
        "nodemon": "^1.9.2",
        "npm-run-all": "4.1.2",
        "opn-cli": "3.1.0",
        "platform": "1.3.5",
        "prettier": "^2.5.1",
        "promise": "8.0.1",
        "rollup": "0.66.6",
        "rollup-plugin-alias": "1.4.0",
        "rollup-plugin-inject": "2.0.0",
        "rollup-plugin-node-resolve": "2.0.0",
        "shelljs": "^0.8.4",
        "shx": "^0.3.2",
        "sinon": "4.3.0",
        "sinon-chai": "2.14.0",
        "source-map-support": "0.5.3",
        "systemjs": "^0.21.0",
        "ts-node": "^9.1.1",
        "tslint": "^5.20.1",
        "tslint-config-prettier": "^1.18.0",
        "tslint-etc": "1.13.10",
        "tslint-no-toplevel-property-access": "0.0.2",
        "tslint-no-unused-expression-chai": "0.0.3",
        "typescript": "~4.2.0",
        "validate-commit-msg": "2.14.0",
        "web-streams-polyfill": "^3.0.2",
        "webpack": "^4.31.0"
      }
    },
    "../node_modules/.pnpm/typescript@5.9.3/node_modules/typescript": {
      "version": "5.9.3",
      "dev": true,
      "license": "Apache-2.0",
      "bin": {
        "tsc": "bin/tsc",
        "tsserver": "bin/tsserver"
      },
      "devDependencies": {
        "@dprint/formatter": "^0.4.1",
        "@dprint/typescript": "0.93.4",
        "@esfx/canceltoken": "^1.0.0",
        "@eslint/js": "^9.20.0",
        "@octokit/rest": "^21.1.1",
        "@types/chai": "^4.3.20",
        "@types/diff": "^7.0.1",
        "@types/minimist": "^1.2.5",
        "@types/mocha": "^10.0.10",
        "@types/ms": "^0.7.34",
        "@types/node": "latest",
        "@types/source-map-support": "^0.5.10",
        "@types/which": "^3.0.4",
        "@typescript-eslint/rule-tester": "^8.24.1",
        "@typescript-eslint/type-utils": "^8.24.1",
        "@typescript-eslint/utils": "^8.24.1",
        "azure-devops-node-api": "^14.1.0",
        "c8": "^10.1.3",
        "chai": "^4.5.0",
        "chokidar": "^4.0.3",
        "diff": "^7.0.0",
        "dprint": "^0.49.0",
        "esbuild": "^0.25.0",
        "eslint": "^9.20.1",
        "eslint-formatter-autolinkable-stylish": "^1.4.0",
        "eslint-plugin-regexp": "^2.7.0",
        "fast-xml-parser": "^4.5.2",
        "glob": "^10.4.5",
        "globals": "^15.15.0",
        "hereby": "^1.10.0",
        "jsonc-parser": "^3.3.1",
        "knip": "^5.44.4",
        "minimist": "^1.2.8",
        "mocha": "^10.8.2",
        "mocha-fivemat-progress-reporter": "^0.1.0",
        "monocart-coverage-reports": "^2.12.1",
        "ms": "^2.1.3",
        "picocolors": "^1.1.1",
        "playwright": "^1.50.1",
        "source-map-support": "^0.5.21",
        "tslib": "^2.8.1",
        "typescript": "^5.7.3",
        "typescript-eslint": "^8.24.1",
        "which": "^3.0.1"
      },
      "engines": {
        "node": ">=14.17"
      }
    },
    "../node_modules/.pnpm/zod@4.3.5/node_modules/zod": {
      "version": "4.3.5",
      "license": "MIT",
      "funding": {
        "url": "https://github.com/sponsors/colinhacks"
      }
    },
    "node_modules/@aws-sdk/client-s3": {
      "resolved": "../node_modules/.pnpm/@aws-sdk+client-s3@3.972.0/node_modules/@aws-sdk/client-s3",
      "link": true
    },
    "node_modules/@aws-sdk/lib-storage": {
      "resolved": "../node_modules/.pnpm/@aws-sdk+lib-storage@3.972.0_@aws-sdk+client-s3@3.972.0/node_modules/@aws-sdk/lib-storage",
      "link": true
    },
    "node_modules/@nestjs/cli": {
      "resolved": "../node_modules/.pnpm/@nestjs+cli@10.4.9_@swc+core@1.4.14_esbuild@0.25.12/node_modules/@nestjs/cli",
      "link": true
    },
    "node_modules/@nestjs/common": {
      "resolved": "../node_modules/.pnpm/@nestjs+common@10.4.20_class-validator@0.14.3_reflect-metadata@0.2.2_rxjs@7.8.2/node_modules/@nestjs/common",
      "link": true
    },
    "node_modules/@nestjs/core": {
      "resolved": "../node_modules/.pnpm/@nestjs+core@10.4.20_@nestjs+common@10.4.20_class-validator@0.14.3_reflect-metadata@0.2.2_rxj_yt5enit2gmjhl6u3b4kpgtlige/node_modules/@nestjs/core",
      "link": true
    },
    "node_modules/@nestjs/platform-express": {
      "resolved": "../node_modules/.pnpm/@nestjs+platform-express@10.4.20_@nestjs+common@10.4.20_class-validator@0.14.3_reflect-metada_yheaf2jqdvq2bdr476vlb4bk5y/node_modules/@nestjs/platform-express",
      "link": true
    },
    "node_modules/@nestjs/schedule": {
      "resolved": "../node_modules/.pnpm/@nestjs+schedule@6.1.3_@nestjs+common@10.4.20_class-validator@0.14.3_reflect-metadata@0.2.2_r_6mv63u6o2536dlstbg7f64iqme/node_modules/@nestjs/schedule",
      "link": true
    },
    "node_modules/@nestjs/schematics": {
      "resolved": "../node_modules/.pnpm/@nestjs+schematics@10.2.3_chokidar@3.6.0_typescript@5.9.3/node_modules/@nestjs/schematics",
      "link": true
    },
    "node_modules/@supabase/supabase-js": {
      "resolved": "../node_modules/.pnpm/@supabase+supabase-js@2.95.3/node_modules/@supabase/supabase-js",
      "link": true
    },
    "node_modules/@types/bcryptjs": {
      "resolved": "../node_modules/.pnpm/@types+bcryptjs@3.0.0/node_modules/@types/bcryptjs",
      "link": true
    },
    "node_modules/@types/express": {
      "resolved": "../node_modules/.pnpm/@types+express@5.0.6/node_modules/@types/express",
      "link": true
    },
    "node_modules/@types/iconv-lite": {
      "resolved": "../node_modules/.pnpm/@types+iconv-lite@0.0.1/node_modules/@types/iconv-lite",
      "link": true
    },
    "node_modules/@types/jsonwebtoken": {
      "resolved": "../node_modules/.pnpm/@types+jsonwebtoken@9.0.10/node_modules/@types/jsonwebtoken",
      "link": true
    },
    "node_modules/@types/node": {
      "resolved": "../node_modules/.pnpm/@types+node@22.19.6/node_modules/@types/node",
      "link": true
    },
    "node_modules/bcryptjs": {
      "resolved": "../node_modules/.pnpm/bcryptjs@3.0.3/node_modules/bcryptjs",
      "link": true
    },
    "node_modules/coze-coding-dev-sdk": {
      "resolved": "../node_modules/.pnpm/coze-coding-dev-sdk@0.7.24_openai@6.42.0_ws@8.19.0_zod@4.3.5__ws@8.19.0/node_modules/coze-coding-dev-sdk",
      "link": true
    },
    "node_modules/dotenv": {
      "resolved": "../node_modules/.pnpm/dotenv@17.2.3/node_modules/dotenv",
      "link": true
    },
    "node_modules/drizzle-kit": {
      "resolved": "../node_modules/.pnpm/drizzle-kit@0.31.8/node_modules/drizzle-kit",
      "link": true
    },
    "node_modules/drizzle-orm": {
      "resolved": "../node_modules/.pnpm/drizzle-orm@0.45.1_@types+better-sqlite3@7.6.13_better-sqlite3@11.10.0_pg@8.17.2_postgres@3.4.9/node_modules/drizzle-orm",
      "link": true
    },
    "node_modules/drizzle-zod": {
      "resolved": "../node_modules/.pnpm/drizzle-zod@0.8.3_drizzle-orm@0.45.1_@types+better-sqlite3@7.6.13_better-sqlite3@11.10.0_pg@8_ccac33cti2l4ieqe62jwmjb7ay/node_modules/drizzle-zod",
      "link": true
    },
    "node_modules/express": {
      "resolved": "../node_modules/.pnpm/express@5.2.1/node_modules/express",
      "link": true
    },
    "node_modules/iconv-lite": {
      "resolved": "../node_modules/.pnpm/iconv-lite@0.7.2/node_modules/iconv-lite",
      "link": true
    },
    "node_modules/javascript-obfuscator": {
      "resolved": "../node_modules/.pnpm/javascript-obfuscator@5.4.3/node_modules/javascript-obfuscator",
      "link": true
    },
    "node_modules/jsonwebtoken": {
      "resolved": "../node_modules/.pnpm/jsonwebtoken@9.0.3/node_modules/jsonwebtoken",
      "link": true
    },
    "node_modules/pg": {
      "resolved": "../node_modules/.pnpm/pg@8.17.2/node_modules/pg",
      "link": true
    },
    "node_modules/pinyin-pro": {
      "resolved": "../node_modules/.pnpm/pinyin-pro@3.28.1/node_modules/pinyin-pro",
      "link": true
    },
    "node_modules/postgres": {
      "resolved": "../node_modules/.pnpm/postgres@3.4.9/node_modules/postgres",
      "link": true
    },
    "node_modules/rxjs": {
      "resolved": "../node_modules/.pnpm/rxjs@7.8.2/node_modules/rxjs",
      "link": true
    },
    "node_modules/typescript": {
      "resolved": "../node_modules/.pnpm/typescript@5.9.3/node_modules/typescript",
      "link": true
    },
    "node_modules/zod": {
      "resolved": "../node_modules/.pnpm/zod@4.3.5/node_modules/zod",
      "link": true
    }
  }
}
